{
  "name": "nova-ml",
  "version": "1.0.0",
  "lockfileVersion": 2,
  "requires": true,
  "packages": {
    "": {
      "name": "nova-ml",
      "version": "1.0.0",
      "license": "ISC",
      "dependencies": {
        "circomlib": "^2.0.5",
        "circomlib-ml": "github:socathie/circomlib-ml"
      }
    },
    "node_modules/circomlib": {
      "version": "2.0.5",
      "resolved": "https://registry.npmjs.org/circomlib/-/circomlib-2.0.5.tgz",
      "integrity": "sha512-O7NQ8OS+J4eshBuoy36z/TwQU0YHw8W3zxZcs4hVwpEll3e4hDm3mgkIPqItN8FDeLEKZFK3YeT/+k8TiLF3/A=="
    },
    "node_modules/circomlib-ml": {
      "version": "1.4.4",
      "resolved": "git+ssh://git@github.com/socathie/circomlib-ml.git#5878c5973eff288915273de25d8f62b55c4df63b",
      "license": "GPL-3.0"
    }
  },
  "dependencies": {
    "circomlib": {
      "version": "2.0.5",
      "resolved": "https://registry.npmjs.org/circomlib/-/circomlib-2.0.5.tgz",
      "integrity": "sha512-O7NQ8OS+J4eshBuoy36z/TwQU0YHw8W3zxZcs4hVwpEll3e4hDm3mgkIPqItN8FDeLEKZFK3YeT/+k8TiLF3/A=="
    },
    "circomlib-ml": {
      "version": "git+ssh://git@github.com/socathie/circomlib-ml.git#5878c5973eff288915273de25d8f62b55c4df63b",
      "from": "circomlib-ml@https://github.com/socathie/circomlib-ml.git"
    }
  }
}
