{
  "name": "nova-ml",
  "version": "1.0.0",
  "lockfileVersion": 2,
  "requires": true,
  "packages": {
    "": {
      "name": "nova-ml",
      "version": "1.0.0",
      "license": "ISC",
      "dependencies": {
        "circomlib": "^2.0.5",
        "circomlib-ml": "^1.4.4"
      }
    },
    "node_modules/circomlib": {
      "version": "2.0.5",
      "resolved": "https://registry.npmjs.org/circomlib/-/circomlib-2.0.5.tgz",
      "integrity": "sha512-O7NQ8OS+J4eshBuoy36z/TwQU0YHw8W3zxZcs4hVwpEll3e4hDm3mgkIPqItN8FDeLEKZFK3YeT/+k8TiLF3/A=="
    },
    "node_modules/circomlib-ml": {
      "version": "1.4.4",
      "resolved": "https://registry.npmjs.org/circomlib-ml/-/circomlib-ml-1.4.4.tgz",
      "integrity": "sha512-7EHHgtC7mR4jB0pzGulaEkZskfvbI9zWGanMsi9/b4OrBu4gNlC0A96t4B/DMCBLZWjlZkAhK4ucwrJ7NB0kjw=="
    }
  },
  "dependencies": {
    "circomlib": {
      "version": "2.0.5",
      "resolved": "https://registry.npmjs.org/circomlib/-/circomlib-2.0.5.tgz",
      "integrity": "sha512-O7NQ8OS+J4eshBuoy36z/TwQU0YHw8W3zxZcs4hVwpEll3e4hDm3mgkIPqItN8FDeLEKZFK3YeT/+k8TiLF3/A=="
    },
    "circomlib-ml": {
      "version": "1.4.4",
      "resolved": "https://registry.npmjs.org/circomlib-ml/-/circomlib-ml-1.4.4.tgz",
      "integrity": "sha512-7EHHgtC7mR4jB0pzGulaEkZskfvbI9zWGanMsi9/b4OrBu4gNlC0A96t4B/DMCBLZWjlZkAhK4ucwrJ7NB0kjw=="
    }
  }
}
